
Microsoft Visual Studio Solution File, Format Version 12.00
# Visual Studio 2013
VisualStudioVersion = 12.0.31101.0
MinimumVisualStudioVersion = 10.0.40219.1
Project("{FAE04EC0-301F-11D3-BF4B-00C04F79EFBC}") = "CrystalReports_07_08_2019", "CrystalReports_07_08_2019\CrystalReports_07_08_2019.csproj", "{2325518C-5278-4D4A-A596-3BE75136DBAB}"
EndProject
Global
	GlobalSection(SolutionConfigurationPlatforms) = preSolution
		Debug|Any CPU = Debug|Any CPU
		Release|Any CPU = Release|Any CPU
	EndGlobalSection
	GlobalSection(ProjectConfigurationPlatforms) = postSolution
		{2325518C-5278-4D4A-A596-3BE75136DBAB}.Debug|Any CPU.ActiveCfg = Debug|Any CPU
		{2325518C-5278-4D4A-A596-3BE75136DBAB}.Debug|Any CPU.Build.0 = Debug|Any CPU
		{2325518C-5278-4D4A-A596-3BE75136DBAB}.Release|Any CPU.ActiveCfg = Release|Any CPU
		{2325518C-5278-4D4A-A596-3BE75136DBAB}.Release|Any CPU.Build.0 = Release|Any CPU
	EndGlobalSection
	GlobalSection(SolutionProperties) = preSolution
		HideSolutionNode = FALSE
	EndGlobalSection
EndGlobal
