
Microsoft Visual Studio Solution File, Format Version 12.00
# Visual Studio 2013
VisualStudioVersion = 12.0.31101.0
MinimumVisualStudioVersion = 10.0.40219.1
Project("{FAE04EC0-301F-11D3-BF4B-00C04F79EFBC}") = "MateriSortingFiltering_01_08_2019", "MateriSortingFiltering_01_08_2019\MateriSortingFiltering_01_08_2019.csproj", "{15FBD10A-3634-4F02-9DF6-F93B2B72769E}"
EndProject
Project("{FAE04EC0-301F-11D3-BF4B-00C04F79EFBC}") = "MateriBrowseAndGet_01_08_2019", "..\MateriBrowseAndGet_01_08_2019\MateriBrowseAndGet_01_08_2019.csproj", "{00BD3D44-1443-41E9-9182-D0F2C22FB8AE}"
EndProject
Project("{FAE04EC0-301F-11D3-BF4B-00C04F79EFBC}") = "Tugas_Challenge_01_08_2019", "..\Tugas_Challenge_01_08_2019\Tugas_Challenge_01_08_2019.csproj", "{9089CA4B-DC50-4B7D-A66D-9BCE01883EAA}"
EndProject
Project("{FAE04EC0-301F-11D3-BF4B-00C04F79EFBC}") = "Tugas_01_08_2019", "Tugas_01_08_2019\Tugas_01_08_2019.csproj", "{62934854-3B45-4948-BD6C-24FBAEFAA5A9}"
EndProject
Global
	GlobalSection(SolutionConfigurationPlatforms) = preSolution
		Debug|Any CPU = Debug|Any CPU
		Release|Any CPU = Release|Any CPU
	EndGlobalSection
	GlobalSection(ProjectConfigurationPlatforms) = postSolution
		{15FBD10A-3634-4F02-9DF6-F93B2B72769E}.Debug|Any CPU.ActiveCfg = Debug|Any CPU
		{15FBD10A-3634-4F02-9DF6-F93B2B72769E}.Debug|Any CPU.Build.0 = Debug|Any CPU
		{15FBD10A-3634-4F02-9DF6-F93B2B72769E}.Release|Any CPU.ActiveCfg = Release|Any CPU
		{15FBD10A-3634-4F02-9DF6-F93B2B72769E}.Release|Any CPU.Build.0 = Release|Any CPU
		{00BD3D44-1443-41E9-9182-D0F2C22FB8AE}.Debug|Any CPU.ActiveCfg = Debug|Any CPU
		{00BD3D44-1443-41E9-9182-D0F2C22FB8AE}.Debug|Any CPU.Build.0 = Debug|Any CPU
		{00BD3D44-1443-41E9-9182-D0F2C22FB8AE}.Release|Any CPU.ActiveCfg = Release|Any CPU
		{00BD3D44-1443-41E9-9182-D0F2C22FB8AE}.Release|Any CPU.Build.0 = Release|Any CPU
		{9089CA4B-DC50-4B7D-A66D-9BCE01883EAA}.Debug|Any CPU.ActiveCfg = Debug|Any CPU
		{9089CA4B-DC50-4B7D-A66D-9BCE01883EAA}.Debug|Any CPU.Build.0 = Debug|Any CPU
		{9089CA4B-DC50-4B7D-A66D-9BCE01883EAA}.Release|Any CPU.ActiveCfg = Release|Any CPU
		{9089CA4B-DC50-4B7D-A66D-9BCE01883EAA}.Release|Any CPU.Build.0 = Release|Any CPU
		{62934854-3B45-4948-BD6C-24FBAEFAA5A9}.Debug|Any CPU.ActiveCfg = Debug|Any CPU
		{62934854-3B45-4948-BD6C-24FBAEFAA5A9}.Debug|Any CPU.Build.0 = Debug|Any CPU
		{62934854-3B45-4948-BD6C-24FBAEFAA5A9}.Release|Any CPU.ActiveCfg = Release|Any CPU
		{62934854-3B45-4948-BD6C-24FBAEFAA5A9}.Release|Any CPU.Build.0 = Release|Any CPU
	EndGlobalSection
	GlobalSection(SolutionProperties) = preSolution
		HideSolutionNode = FALSE
	EndGlobalSection
EndGlobal
